Microsoft Visual Studio Solution File, Format Version 12.00
# Visual Studio Version 17
VisualStudioVersion = 17.5.2.0
MinimumVisualStudioVersion = 10.0.40219.1
Project("{FAE04EC0-301F-11D3-BF4B-00C04F79EFBC}") = "painel-controle-micro-ondas", "painel-controle-micro-ondas.csproj", "{170872AB-495E-6D32-1995-5CD49343ABFE}"
EndProject
Global
	GlobalSection(SolutionConfigurationPlatforms) = preSolution
		Debug|Any CPU = Debug|Any CPU
		Release|Any CPU = Release|Any CPU
	EndGlobalSection
	GlobalSection(ProjectConfigurationPlatforms) = postSolution
		{170872AB-495E-6D32-1995-5CD49343ABFE}.Debug|Any CPU.ActiveCfg = Debug|Any CPU
		{170872AB-495E-6D32-1995-5CD49343ABFE}.Debug|Any CPU.Build.0 = Debug|Any CPU
		{170872AB-495E-6D32-1995-5CD49343ABFE}.Release|Any CPU.ActiveCfg = Release|Any CPU
		{170872AB-495E-6D32-1995-5CD49343ABFE}.Release|Any CPU.Build.0 = Release|Any CPU
	EndGlobalSection
	GlobalSection(SolutionProperties) = preSolution
		HideSolutionNode = FALSE
	EndGlobalSection
	GlobalSection(ExtensibilityGlobals) = postSolution
		SolutionGuid = {DF31B8F5-440D-4962-91A8-7170A4362159}
	EndGlobalSection
EndGlobal
